lockVersion: 2.0.0
id: 7c083f7d-1299-4bc3-a374-d9b722a94117
management:
  docChecksum: 377e036f249c19d838b4b6b51ac2b48e
  docVersion: 1.0.0
  speakeasyVersion: internal
  generationVersion: 2.253.0
  releaseVersion: 0.1.1
  configChecksum: 0ad0f9a6c5ebf89dda145b43d0579c89
features:
  typescript:
    core: 3.4.6
    flattening: 2.81.1
    globalSecurity: 2.82.2
    globalServerURLs: 2.82.1
generatedFiles:
  - src/sdk/apis.ts
  - src/sdk/keys.ts
  - src/sdk/liveness.ts
  - src/sdk/sdk.ts
  - .eslintrc.yml
  - jest.config.js
  - package-lock.json
  - package.json
  - src/index.ts
  - src/internal/utils/contenttype.ts
  - src/internal/utils/headers.ts
  - src/internal/utils/index.ts
  - src/internal/utils/pathparams.ts
  - src/internal/utils/queryparams.ts
  - src/internal/utils/requestbody.ts
  - src/internal/utils/retries.ts
  - src/internal/utils/security.ts
  - src/internal/utils/utils.ts
  - src/sdk/index.ts
  - src/sdk/models/errors/sdkerror.ts
  - src/sdk/types/index.ts
  - src/sdk/types/rfcdate.ts
  - tsconfig.json
  - src/sdk/models/operations/createapi.ts
  - src/sdk/models/operations/deleteapi.ts
  - src/sdk/models/operations/getapi.ts
  - src/sdk/models/operations/listkeys.ts
  - src/sdk/models/operations/createkey.ts
  - src/sdk/models/operations/deletekey.ts
  - src/sdk/models/operations/getkey.ts
  - src/sdk/models/operations/getverifications.ts
  - src/sdk/models/operations/updatekey.ts
  - src/sdk/models/operations/updateremaining.ts
  - src/sdk/models/operations/verifykey.ts
  - src/sdk/models/operations/getv1liveness.ts
  - src/sdk/models/shared/errunauthorized.ts
  - src/sdk/models/shared/errtoomanyrequests.ts
  - src/sdk/models/shared/errnotfound.ts
  - src/sdk/models/shared/errinternalservererror.ts
  - src/sdk/models/shared/errforbidden.ts
  - src/sdk/models/shared/errconflict.ts
  - src/sdk/models/shared/errbadrequest.ts
  - src/sdk/models/shared/key.ts
  - src/sdk/models/shared/v1keysverifykeyresponse.ts
  - src/sdk/models/shared/v1keysverifykeyrequest.ts
  - src/sdk/models/shared/security.ts
  - src/sdk/models/errors/index.ts
  - src/sdk/models/operations/index.ts
  - src/sdk/models/shared/index.ts
  - docs/sdk/models/operations/createapirequestbody.md
  - docs/sdk/models/operations/createapiresponsebody.md
  - docs/sdk/models/operations/createapiresponse.md
  - docs/sdk/models/operations/deleteapirequestbody.md
  - docs/sdk/models/operations/deleteapiresponsebody.md
  - docs/sdk/models/operations/deleteapiresponse.md
  - docs/sdk/models/operations/getapirequest.md
  - docs/sdk/models/operations/getapiresponsebody.md
  - docs/sdk/models/operations/getapiresponse.md
  - docs/sdk/models/operations/listkeysrequest.md
  - docs/sdk/models/operations/listkeysresponsebody.md
  - docs/sdk/models/operations/listkeysresponse.md
  - docs/sdk/models/operations/typet.md
  - docs/sdk/models/operations/ratelimit.md
  - docs/sdk/models/operations/interval.md
  - docs/sdk/models/operations/refill.md
  - docs/sdk/models/operations/createkeyrequestbody.md
  - docs/sdk/models/operations/createkeyresponsebody.md
  - docs/sdk/models/operations/createkeyresponse.md
  - docs/sdk/models/operations/deletekeyrequestbody.md
  - docs/sdk/models/operations/deletekeyresponsebody.md
  - docs/sdk/models/operations/deletekeyresponse.md
  - docs/sdk/models/operations/getkeyrequest.md
  - docs/sdk/models/operations/getkeyresponse.md
  - docs/sdk/models/operations/granularity.md
  - docs/sdk/models/operations/getverificationsrequest.md
  - docs/sdk/models/operations/verifications.md
  - docs/sdk/models/operations/getverificationsresponsebody.md
  - docs/sdk/models/operations/getverificationsresponse.md
  - docs/sdk/models/operations/updatekeytype.md
  - docs/sdk/models/operations/updatekeyratelimit.md
  - docs/sdk/models/operations/updatekeyinterval.md
  - docs/sdk/models/operations/updatekeyrefill.md
  - docs/sdk/models/operations/updatekeyrequestbody.md
  - docs/sdk/models/operations/updatekeyresponsebody.md
  - docs/sdk/models/operations/updatekeyresponse.md
  - docs/sdk/models/operations/op.md
  - docs/sdk/models/operations/updateremainingrequestbody.md
  - docs/sdk/models/operations/updateremainingresponsebody.md
  - docs/sdk/models/operations/updateremainingresponse.md
  - docs/sdk/models/operations/verifykeyresponse.md
  - docs/sdk/models/operations/services.md
  - docs/sdk/models/operations/getv1livenessresponsebody.md
  - docs/sdk/models/operations/getv1livenessresponse.md
  - docs/sdk/models/shared/errunauthorizedcode.md
  - docs/sdk/models/shared/errunauthorizederror.md
  - docs/sdk/models/shared/errunauthorized.md
  - docs/sdk/models/shared/errtoomanyrequestscode.md
  - docs/sdk/models/shared/errtoomanyrequestserror.md
  - docs/sdk/models/shared/errtoomanyrequests.md
  - docs/sdk/models/shared/errnotfoundcode.md
  - docs/sdk/models/shared/errnotfounderror.md
  - docs/sdk/models/shared/errnotfound.md
  - docs/sdk/models/shared/errinternalservererrorcode.md
  - docs/sdk/models/shared/errinternalservererrorerror.md
  - docs/sdk/models/shared/errinternalservererror.md
  - docs/sdk/models/shared/errforbiddencode.md
  - docs/sdk/models/shared/errforbiddenerror.md
  - docs/sdk/models/shared/errforbidden.md
  - docs/sdk/models/shared/errconflictcode.md
  - docs/sdk/models/shared/errconflicterror.md
  - docs/sdk/models/shared/errconflict.md
  - docs/sdk/models/shared/errbadrequestcode.md
  - docs/sdk/models/shared/errort.md
  - docs/sdk/models/shared/errbadrequest.md
  - docs/sdk/models/shared/typet.md
  - docs/sdk/models/shared/ratelimit.md
  - docs/sdk/models/shared/interval.md
  - docs/sdk/models/shared/refill.md
  - docs/sdk/models/shared/key.md
  - docs/sdk/models/shared/code.md
  - docs/sdk/models/shared/v1keysverifykeyresponseratelimit.md
  - docs/sdk/models/shared/v1keysverifykeyresponse.md
  - docs/sdk/models/shared/v1keysverifykeyrequest.md
  - docs/sdk/models/shared/security.md
  - docs/sdks/unkey/README.md
  - docs/sdks/apis/README.md
  - docs/sdks/keys/README.md
  - docs/sdks/liveness/README.md
  - USAGE.md
  - .gitattributes
